// !$*UTF8*$!
{
	archiveVersion = 1;
	classes = {
	};
	objectVersion = 46;
	objects = {

/* Begin PBXBuildFile section */
		9E455ACF1DC71510001BECE4 /* AppDelegate.swift in Sources */ = {isa = PBXBuildFile; fileRef = 9E455ACE1DC71510001BECE4 /* AppDelegate.swift */; };
		9E455AD11DC71510001BECE4 /* ViewController.swift in Sources */ = {isa = PBXBuildFile; fileRef = 9E455AD01DC71510001BECE4 /* ViewController.swift */; };
		9E455AD41DC71510001BECE4 /* Main.storyboard in Resources */ = {isa = PBXBuildFile; fileRef = 9E455AD21DC71510001BECE4 /* Main.storyboard */; };
		9E455AD61DC71510001BECE4 /* Assets.xcassets in Resources */ = {isa = PBXBuildFile; fileRef = 9E455AD51DC71510001BECE4 /* Assets.xcassets */; };
		9E455AD91DC71510001BECE4 /* LaunchScreen.storyboard in Resources */ = {isa = PBXBuildFile; fileRef = 9E455AD71DC71510001BECE4 /* LaunchScreen.storyboard */; };
		9E455AE11DC71650001BECE4 /* example.wma in Resources */ = {isa = PBXBuildFile; fileRef = 9E455AE01DC71650001BECE4 /* example.wma */; };
		9E455B051DC72A72001BECE4 /* BachGavotteShort.mp3 in Resources */ = {isa = PBXBuildFile; fileRef = 9E455B001DC72A72001BECE4 /* BachGavotteShort.mp3 */; };
		9E455B061DC72A72001BECE4 /* DenMeijShort.mp3 in Resources */ = {isa = PBXBuildFile; fileRef = 9E455B011DC72A72001BECE4 /* DenMeijShort.mp3 */; };
		9E455B071DC72A72001BECE4 /* HarrisLilliburleroShort.mp3 in Resources */ = {isa = PBXBuildFile; fileRef = 9E455B021DC72A72001BECE4 /* HarrisLilliburleroShort.mp3 */; };
		9E455B081DC72A72001BECE4 /* PurcellSongMusShort.mp3 in Resources */ = {isa = PBXBuildFile; fileRef = 9E455B031DC72A72001BECE4 /* PurcellSongMusShort.mp3 */; };
		9E455B091DC72A72001BECE4 /* WalloonLilliShort.mp3 in Resources */ = {isa = PBXBuildFile; fileRef = 9E455B041DC72A72001BECE4 /* WalloonLilliShort.mp3 */; };
		9E455B0B1DC72C92001BECE4 /* ViewControllerListaCanciones.swift in Sources */ = {isa = PBXBuildFile; fileRef = 9E455B0A1DC72C92001BECE4 /* ViewControllerListaCanciones.swift */; };
		9E455B0D1DC72CC5001BECE4 /* Cancion.swift in Sources */ = {isa = PBXBuildFile; fileRef = 9E455B0C1DC72CC5001BECE4 /* Cancion.swift */; };
		9E455B0F1DC7309B001BECE4 /* Imagen.swift in Sources */ = {isa = PBXBuildFile; fileRef = 9E455B0E1DC7309B001BECE4 /* Imagen.swift */; };
		9E455B151DC734AB001BECE4 /* BachGavotteShort.jpg in Resources */ = {isa = PBXBuildFile; fileRef = 9E455B101DC734AB001BECE4 /* BachGavotteShort.jpg */; };
		9E455B161DC734AB001BECE4 /* DenMeijShort.jpg in Resources */ = {isa = PBXBuildFile; fileRef = 9E455B111DC734AB001BECE4 /* DenMeijShort.jpg */; };
		9E455B171DC734AB001BECE4 /* PurcellSongMusShort.jpg in Resources */ = {isa = PBXBuildFile; fileRef = 9E455B121DC734AB001BECE4 /* PurcellSongMusShort.jpg */; };
		9E455B181DC734AB001BECE4 /* HarrisLilliburleroShort.jpg in Resources */ = {isa = PBXBuildFile; fileRef = 9E455B131DC734AB001BECE4 /* HarrisLilliburleroShort.jpg */; };
		9E455B191DC734AB001BECE4 /* WalloonLilliShort.jpg in Resources */ = {isa = PBXBuildFile; fileRef = 9E455B141DC734AB001BECE4 /* WalloonLilliShort.jpg */; };
		9E455B1B1DC73785001BECE4 /* ListaCanciones.swift in Sources */ = {isa = PBXBuildFile; fileRef = 9E455B1A1DC73785001BECE4 /* ListaCanciones.swift */; };
		9E455B1D1DC74A6C001BECE4 /* music.jpg in Resources */ = {isa = PBXBuildFile; fileRef = 9E455B1C1DC74A6C001BECE4 /* music.jpg */; };
/* End PBXBuildFile section */

/* Begin PBXFileReference section */
		9E455ACB1DC71510001BECE4 /* EjemploSonido1.app */ = {isa = PBXFileReference; explicitFileType = wrapper.application; includeInIndex = 0; path = EjemploSonido1.app; sourceTree = BUILT_PRODUCTS_DIR; };
		9E455ACE1DC71510001BECE4 /* AppDelegate.swift */ = {isa = PBXFileReference; lastKnownFileType = sourcecode.swift; path = AppDelegate.swift; sourceTree = "<group>"; };
		9E455AD01DC71510001BECE4 /* ViewController.swift */ = {isa = PBXFileReference; lastKnownFileType = sourcecode.swift; path = ViewController.swift; sourceTree = "<group>"; };
		9E455AD31DC71510001BECE4 /* Base */ = {isa = PBXFileReference; lastKnownFileType = file.storyboard; name = Base; path = Base.lproj/Main.storyboard; sourceTree = "<group>"; };
		9E455AD51DC71510001BECE4 /* Assets.xcassets */ = {isa = PBXFileReference; lastKnownFileType = folder.assetcatalog; path = Assets.xcassets; sourceTree = "<group>"; };
		9E455AD81DC71510001BECE4 /* Base */ = {isa = PBXFileReference; lastKnownFileType = file.storyboard; name = Base; path = Base.lproj/LaunchScreen.storyboard; sourceTree = "<group>"; };
		9E455ADA1DC71511001BECE4 /* Info.plist */ = {isa = PBXFileReference; lastKnownFileType = text.plist.xml; path = Info.plist; sourceTree = "<group>"; };
		9E455AE01DC71650001BECE4 /* example.wma */ = {isa = PBXFileReference; lastKnownFileType = file; path = example.wma; sourceTree = "<group>"; };
		9E455B001DC72A72001BECE4 /* BachGavotteShort.mp3 */ = {isa = PBXFileReference; lastKnownFileType = audio.mp3; path = BachGavotteShort.mp3; sourceTree = "<group>"; };
		9E455B011DC72A72001BECE4 /* DenMeijShort.mp3 */ = {isa = PBXFileReference; lastKnownFileType = audio.mp3; path = DenMeijShort.mp3; sourceTree = "<group>"; };
		9E455B021DC72A72001BECE4 /* HarrisLilliburleroShort.mp3 */ = {isa = PBXFileReference; lastKnownFileType = audio.mp3; path = HarrisLilliburleroShort.mp3; sourceTree = "<group>"; };
		9E455B031DC72A72001BECE4 /* PurcellSongMusShort.mp3 */ = {isa = PBXFileReference; lastKnownFileType = audio.mp3; path = PurcellSongMusShort.mp3; sourceTree = "<group>"; };
		9E455B041DC72A72001BECE4 /* WalloonLilliShort.mp3 */ = {isa = PBXFileReference; lastKnownFileType = audio.mp3; path = WalloonLilliShort.mp3; sourceTree = "<group>"; };
		9E455B0A1DC72C92001BECE4 /* ViewControllerListaCanciones.swift */ = {isa = PBXFileReference; fileEncoding = 4; lastKnownFileType = sourcecode.swift; path = ViewControllerListaCanciones.swift; sourceTree = "<group>"; };
		9E455B0C1DC72CC5001BECE4 /* Cancion.swift */ = {isa = PBXFileReference; fileEncoding = 4; lastKnownFileType = sourcecode.swift; path = Cancion.swift; sourceTree = "<group>"; };
		9E455B0E1DC7309B001BECE4 /* Imagen.swift */ = {isa = PBXFileReference; fileEncoding = 4; lastKnownFileType = sourcecode.swift; path = Imagen.swift; sourceTree = "<group>"; };
		9E455B101DC734AB001BECE4 /* BachGavotteShort.jpg */ = {isa = PBXFileReference; lastKnownFileType = image.jpeg; path = BachGavotteShort.jpg; sourceTree = "<group>"; };
		9E455B111DC734AB001BECE4 /* DenMeijShort.jpg */ = {isa = PBXFileReference; lastKnownFileType = image.jpeg; path = DenMeijShort.jpg; sourceTree = "<group>"; };
		9E455B121DC734AB001BECE4 /* PurcellSongMusShort.jpg */ = {isa = PBXFileReference; lastKnownFileType = image.jpeg; path = PurcellSongMusShort.jpg; sourceTree = "<group>"; };
		9E455B131DC734AB001BECE4 /* HarrisLilliburleroShort.jpg */ = {isa = PBXFileReference; lastKnownFileType = image.jpeg; path = HarrisLilliburleroShort.jpg; sourceTree = "<group>"; };
		9E455B141DC734AB001BECE4 /* WalloonLilliShort.jpg */ = {isa = PBXFileReference; lastKnownFileType = image.jpeg; path = WalloonLilliShort.jpg; sourceTree = "<group>"; };
		9E455B1A1DC73785001BECE4 /* ListaCanciones.swift */ = {isa = PBXFileReference; fileEncoding = 4; lastKnownFileType = sourcecode.swift; path = ListaCanciones.swift; sourceTree = "<group>"; };
		9E455B1C1DC74A6C001BECE4 /* music.jpg */ = {isa = PBXFileReference; lastKnownFileType = image.jpeg; path = music.jpg; sourceTree = "<group>"; };
/* End PBXFileReference section */

/* Begin PBXFrameworksBuildPhase section */
		9E455AC81DC71510001BECE4 /* Frameworks */ = {
			isa = PBXFrameworksBuildPhase;
			buildActionMask = 2147483647;
			files = (
			);
			runOnlyForDeploymentPostprocessing = 0;
		};
/* End PBXFrameworksBuildPhase section */

/* Begin PBXGroup section */
		9E455AC21DC71510001BECE4 = {
			isa = PBXGroup;
			children = (
				9E455ACD1DC71510001BECE4 /* EjemploSonido1 */,
				9E455ACC1DC71510001BECE4 /* Products */,
			);
			sourceTree = "<group>";
		};
		9E455ACC1DC71510001BECE4 /* Products */ = {
			isa = PBXGroup;
			children = (
				9E455ACB1DC71510001BECE4 /* EjemploSonido1.app */,
			);
			name = Products;
			sourceTree = "<group>";
		};
		9E455ACD1DC71510001BECE4 /* EjemploSonido1 */ = {
			isa = PBXGroup;
			children = (
				9E455AE01DC71650001BECE4 /* example.wma */,
				9E455B001DC72A72001BECE4 /* BachGavotteShort.mp3 */,
				9E455B011DC72A72001BECE4 /* DenMeijShort.mp3 */,
				9E455B021DC72A72001BECE4 /* HarrisLilliburleroShort.mp3 */,
				9E455B031DC72A72001BECE4 /* PurcellSongMusShort.mp3 */,
				9E455B101DC734AB001BECE4 /* BachGavotteShort.jpg */,
				9E455B111DC734AB001BECE4 /* DenMeijShort.jpg */,
				9E455B121DC734AB001BECE4 /* PurcellSongMusShort.jpg */,
				9E455B131DC734AB001BECE4 /* HarrisLilliburleroShort.jpg */,
				9E455B1C1DC74A6C001BECE4 /* music.jpg */,
				9E455B141DC734AB001BECE4 /* WalloonLilliShort.jpg */,
				9E455B041DC72A72001BECE4 /* WalloonLilliShort.mp3 */,
				9E455ACE1DC71510001BECE4 /* AppDelegate.swift */,
				9E455AD01DC71510001BECE4 /* ViewController.swift */,
				9E455AD21DC71510001BECE4 /* Main.storyboard */,
				9E455AD51DC71510001BECE4 /* Assets.xcassets */,
				9E455AD71DC71510001BECE4 /* LaunchScreen.storyboard */,
				9E455ADA1DC71511001BECE4 /* Info.plist */,
				9E455B0A1DC72C92001BECE4 /* ViewControllerListaCanciones.swift */,
				9E455B0C1DC72CC5001BECE4 /* Cancion.swift */,
				9E455B0E1DC7309B001BECE4 /* Imagen.swift */,
				9E455B1A1DC73785001BECE4 /* ListaCanciones.swift */,
			);
			path = EjemploSonido1;
			sourceTree = "<group>";
		};
/* End PBXGroup section */

/* Begin PBXNativeTarget section */
		9E455ACA1DC71510001BECE4 /* EjemploSonido1 */ = {
			isa = PBXNativeTarget;
			buildConfigurationList = 9E455ADD1DC71511001BECE4 /* Build configuration list for PBXNativeTarget "EjemploSonido1" */;
			buildPhases = (
				9E455AC71DC71510001BECE4 /* Sources */,
				9E455AC81DC71510001BECE4 /* Frameworks */,
				9E455AC91DC71510001BECE4 /* Resources */,
			);
			buildRules = (
			);
			dependencies = (
			);
			name = EjemploSonido1;
			productName = EjemploSonido1;
			productReference = 9E455ACB1DC71510001BECE4 /* EjemploSonido1.app */;
			productType = "com.apple.product-type.application";
		};
/* End PBXNativeTarget section */

/* Begin PBXProject section */
		9E455AC31DC71510001BECE4 /* Project object */ = {
			isa = PBXProject;
			attributes = {
				LastSwiftUpdateCheck = 0800;
				LastUpgradeCheck = 0800;
				ORGANIZATIONNAME = "Andrés Ixpec";
				TargetAttributes = {
					9E455ACA1DC71510001BECE4 = {
						CreatedOnToolsVersion = 8.0;
						DevelopmentTeam = 37XT4CJ4R9;
						ProvisioningStyle = Automatic;
					};
				};
			};
			buildConfigurationList = 9E455AC61DC71510001BECE4 /* Build configuration list for PBXProject "EjemploSonido1" */;
			compatibilityVersion = "Xcode 3.2";
			developmentRegion = English;
			hasScannedForEncodings = 0;
			knownRegions = (
				en,
				Base,
			);
			mainGroup = 9E455AC21DC71510001BECE4;
			productRefGroup = 9E455ACC1DC71510001BECE4 /* Products */;
			projectDirPath = "";
			projectRoot = "";
			targets = (
				9E455ACA1DC71510001BECE4 /* EjemploSonido1 */,
			);
		};
/* End PBXProject section */

/* Begin PBXResourcesBuildPhase section */
		9E455AC91DC71510001BECE4 /* Resources */ = {
			isa = PBXResourcesBuildPhase;
			buildActionMask = 2147483647;
			files = (
				9E455B091DC72A72001BECE4 /* WalloonLilliShort.mp3 in Resources */,
				9E455B081DC72A72001BECE4 /* PurcellSongMusShort.mp3 in Resources */,
				9E455B191DC734AB001BECE4 /* WalloonLilliShort.jpg in Resources */,
				9E455B061DC72A72001BECE4 /* DenMeijShort.mp3 in Resources */,
				9E455B151DC734AB001BECE4 /* BachGavotteShort.jpg in Resources */,
				9E455B1D1DC74A6C001BECE4 /* music.jpg in Resources */,
				9E455AD91DC71510001BECE4 /* LaunchScreen.storyboard in Resources */,
				9E455B171DC734AB001BECE4 /* PurcellSongMusShort.jpg in Resources */,
				9E455B181DC734AB001BECE4 /* HarrisLilliburleroShort.jpg in Resources */,
				9E455AD61DC71510001BECE4 /* Assets.xcassets in Resources */,
				9E455AE11DC71650001BECE4 /* example.wma in Resources */,
				9E455B161DC734AB001BECE4 /* DenMeijShort.jpg in Resources */,
				9E455B051DC72A72001BECE4 /* BachGavotteShort.mp3 in Resources */,
				9E455B071DC72A72001BECE4 /* HarrisLilliburleroShort.mp3 in Resources */,
				9E455AD41DC71510001BECE4 /* Main.storyboard in Resources */,
			);
			runOnlyForDeploymentPostprocessing = 0;
		};
/* End PBXResourcesBuildPhase section */

/* Begin PBXSourcesBuildPhase section */
		9E455AC71DC71510001BECE4 /* Sources */ = {
			isa = PBXSourcesBuildPhase;
			buildActionMask = 2147483647;
			files = (
				9E455AD11DC71510001BECE4 /* ViewController.swift in Sources */,
				9E455B0B1DC72C92001BECE4 /* ViewControllerListaCanciones.swift in Sources */,
				9E455B0F1DC7309B001BECE4 /* Imagen.swift in Sources */,
				9E455B1B1DC73785001BECE4 /* ListaCanciones.swift in Sources */,
				9E455ACF1DC71510001BECE4 /* AppDelegate.swift in Sources */,
				9E455B0D1DC72CC5001BECE4 /* Cancion.swift in Sources */,
			);
			runOnlyForDeploymentPostprocessing = 0;
		};
/* End PBXSourcesBuildPhase section */

/* Begin PBXVariantGroup section */
		9E455AD21DC71510001BECE4 /* Main.storyboard */ = {
			isa = PBXVariantGroup;
			children = (
				9E455AD31DC71510001BECE4 /* Base */,
			);
			name = Main.storyboard;
			sourceTree = "<group>";
		};
		9E455AD71DC71510001BECE4 /* LaunchScreen.storyboard */ = {
			isa = PBXVariantGroup;
			children = (
				9E455AD81DC71510001BECE4 /* Base */,
			);
			name = LaunchScreen.storyboard;
			sourceTree = "<group>";
		};
/* End PBXVariantGroup section */

/* Begin XCBuildConfiguration section */
		9E455ADB1DC71511001BECE4 /* Debug */ = {
			isa = XCBuildConfiguration;
			buildSettings = {
				ALWAYS_SEARCH_USER_PATHS = NO;
				CLANG_ANALYZER_NONNULL = YES;
				CLANG_CXX_LANGUAGE_STANDARD = "gnu++0x";
				CLANG_CXX_LIBRARY = "libc++";
				CLANG_ENABLE_MODULES = YES;
				CLANG_ENABLE_OBJC_ARC = YES;
				CLANG_WARN_BOOL_CONVERSION = YES;
				CLANG_WARN_CONSTANT_CONVERSION = YES;
				CLANG_WARN_DIRECT_OBJC_ISA_USAGE = YES_ERROR;
				CLANG_WARN_DOCUMENTATION_COMMENTS = YES;
				CLANG_WARN_EMPTY_BODY = YES;
				CLANG_WARN_ENUM_CONVERSION = YES;
				CLANG_WARN_INFINITE_RECURSION = YES;
				CLANG_WARN_INT_CONVERSION = YES;
				CLANG_WARN_OBJC_ROOT_CLASS = YES_ERROR;
				CLANG_WARN_SUSPICIOUS_MOVES = YES;
				CLANG_WARN_UNREACHABLE_CODE = YES;
				CLANG_WARN__DUPLICATE_METHOD_MATCH = YES;
				"CODE_SIGN_IDENTITY[sdk=iphoneos*]" = "iPhone Developer";
				COPY_PHASE_STRIP = NO;
				DEBUG_INFORMATION_FORMAT = dwarf;
				ENABLE_STRICT_OBJC_MSGSEND = YES;
				ENABLE_TESTABILITY = YES;
				GCC_C_LANGUAGE_STANDARD = gnu99;
				GCC_DYNAMIC_NO_PIC = NO;
				GCC_NO_COMMON_BLOCKS = YES;
				GCC_OPTIMIZATION_LEVEL = 0;
				GCC_PREPROCESSOR_DEFINITIONS = (
					"DEBUG=1",
					"$(inherited)",
				);
				GCC_WARN_64_TO_32_BIT_CONVERSION = YES;
				GCC_WARN_ABOUT_RETURN_TYPE = YES_ERROR;
				GCC_WARN_UNDECLARED_SELECTOR = YES;
				GCC_WARN_UNINITIALIZED_AUTOS = YES_AGGRESSIVE;
				GCC_WARN_UNUSED_FUNCTION = YES;
				GCC_WARN_UNUSED_VARIABLE = YES;
				IPHONEOS_DEPLOYMENT_TARGET = 10.0;
				MTL_ENABLE_DEBUG_INFO = YES;
				ONLY_ACTIVE_ARCH = YES;
				SDKROOT = iphoneos;
				SWIFT_ACTIVE_COMPILATION_CONDITIONS = DEBUG;
				SWIFT_OPTIMIZATION_LEVEL = "-Onone";
				TARGETED_DEVICE_FAMILY = "1,2";
			};
			name = Debug;
		};
		9E455ADC1DC71511001BECE4 /* Release */ = {
			isa = XCBuildConfiguration;
			buildSettings = {
				ALWAYS_SEARCH_USER_PATHS = NO;
				CLANG_ANALYZER_NONNULL = YES;
				CLANG_CXX_LANGUAGE_STANDARD = "gnu++0x";
				CLANG_CXX_LIBRARY = "libc++";
				CLANG_ENABLE_MODULES = YES;
				CLANG_ENABLE_OBJC_ARC = YES;
				CLANG_WARN_BOOL_CONVERSION = YES;
				CLANG_WARN_CONSTANT_CONVERSION = YES;
				CLANG_WARN_DIRECT_OBJC_ISA_USAGE = YES_ERROR;
				CLANG_WARN_DOCUMENTATION_COMMENTS = YES;
				CLANG_WARN_EMPTY_BODY = YES;
				CLANG_WARN_ENUM_CONVERSION = YES;
				CLANG_WARN_INFINITE_RECURSION = YES;
				CLANG_WARN_INT_CONVERSION = YES;
				CLANG_WARN_OBJC_ROOT_CLASS = YES_ERROR;
				CLANG_WARN_SUSPICIOUS_MOVES = YES;
				CLANG_WARN_UNREACHABLE_CODE = YES;
				CLANG_WARN__DUPLICATE_METHOD_MATCH = YES;
				"CODE_SIGN_IDENTITY[sdk=iphoneos*]" = "iPhone Developer";
				COPY_PHASE_STRIP = NO;
				DEBUG_INFORMATION_FORMAT = "dwarf-with-dsym";
				ENABLE_NS_ASSERTIONS = NO;
				ENABLE_STRICT_OBJC_MSGSEND = YES;
				GCC_C_LANGUAGE_STANDARD = gnu99;
				GCC_NO_COMMON_BLOCKS = YES;
				GCC_WARN_64_TO_32_BIT_CONVERSION = YES;
				GCC_WARN_ABOUT_RETURN_TYPE = YES_ERROR;
				GCC_WARN_UNDECLARED_SELECTOR = YES;
				GCC_WARN_UNINITIALIZED_AUTOS = YES_AGGRESSIVE;
				GCC_WARN_UNUSED_FUNCTION = YES;
				GCC_WARN_UNUSED_VARIABLE = YES;
				IPHONEOS_DEPLOYMENT_TARGET = 10.0;
				MTL_ENABLE_DEBUG_INFO = NO;
				SDKROOT = iphoneos;
				SWIFT_OPTIMIZATION_LEVEL = "-Owholemodule";
				TARGETED_DEVICE_FAMILY = "1,2";
				VALIDATE_PRODUCT = YES;
			};
			name = Release;
		};
		9E455ADE1DC71511001BECE4 /* Debug */ = {
			isa = XCBuildConfiguration;
			buildSettings = {
				ASSETCATALOG_COMPILER_APPICON_NAME = AppIcon;
				DEVELOPMENT_TEAM = 37XT4CJ4R9;
				INFOPLIST_FILE = EjemploSonido1/Info.plist;
				LD_RUNPATH_SEARCH_PATHS = "$(inherited) @executable_path/Frameworks";
				PRODUCT_BUNDLE_IDENTIFIER = com.aixpec.EjemploSonido1;
				PRODUCT_NAME = "$(TARGET_NAME)";
				SWIFT_VERSION = 3.0;
			};
			name = Debug;
		};
		9E455ADF1DC71511001BECE4 /* Release */ = {
			isa = XCBuildConfiguration;
			buildSettings = {
				ASSETCATALOG_COMPILER_APPICON_NAME = AppIcon;
				DEVELOPMENT_TEAM = 37XT4CJ4R9;
				INFOPLIST_FILE = EjemploSonido1/Info.plist;
				LD_RUNPATH_SEARCH_PATHS = "$(inherited) @executable_path/Frameworks";
				PRODUCT_BUNDLE_IDENTIFIER = com.aixpec.EjemploSonido1;
				PRODUCT_NAME = "$(TARGET_NAME)";
				SWIFT_VERSION = 3.0;
			};
			name = Release;
		};
/* End XCBuildConfiguration section */

/* Begin XCConfigurationList section */
		9E455AC61DC71510001BECE4 /* Build configuration list for PBXProject "EjemploSonido1" */ = {
			isa = XCConfigurationList;
			buildConfigurations = (
				9E455ADB1DC71511001BECE4 /* Debug */,
				9E455ADC1DC71511001BECE4 /* Release */,
			);
			defaultConfigurationIsVisible = 0;
			defaultConfigurationName = Release;
		};
		9E455ADD1DC71511001BECE4 /* Build configuration list for PBXNativeTarget "EjemploSonido1" */ = {
			isa = XCConfigurationList;
			buildConfigurations = (
				9E455ADE1DC71511001BECE4 /* Debug */,
				9E455ADF1DC71511001BECE4 /* Release */,
			);
			defaultConfigurationIsVisible = 0;
			defaultConfigurationName = Release;
		};
/* End XCConfigurationList section */
	};
	rootObject = 9E455AC31DC71510001BECE4 /* Project object */;
}
